
Microsoft Visual Studio Solution File, Format Version 12.00
# Visual Studio Version 17
VisualStudioVersion = 17.13.35931.197
MinimumVisualStudioVersion = 10.0.40219.1
Project("{FAE04EC0-301F-11D3-BF4B-00C04F79EFBC}") = "ExpenseLogger", "ExpenseLogger.csproj", "{165EDFAA-E454-FBBA-C91C-0A0C5D01313E}"
EndProject
Global
	GlobalSection(SolutionConfigurationPlatforms) = preSolution
		Debug|Any CPU = Debug|Any CPU
		Release|Any CPU = Release|Any CPU
	EndGlobalSection
	GlobalSection(ProjectConfigurationPlatforms) = postSolution
		{165EDFAA-E454-FBBA-C91C-0A0C5D01313E}.Debug|Any CPU.ActiveCfg = Debug|Any CPU
		{165EDFAA-E454-FBBA-C91C-0A0C5D01313E}.Debug|Any CPU.Build.0 = Debug|Any CPU
		{165EDFAA-E454-FBBA-C91C-0A0C5D01313E}.Release|Any CPU.ActiveCfg = Release|Any CPU
		{165EDFAA-E454-FBBA-C91C-0A0C5D01313E}.Release|Any CPU.Build.0 = Release|Any CPU
	EndGlobalSection
	GlobalSection(SolutionProperties) = preSolution
		HideSolutionNode = FALSE
	EndGlobalSection
	GlobalSection(ExtensibilityGlobals) = postSolution
		SolutionGuid = {D3028743-C13C-4B32-ACD8-E074AD39436F}
	EndGlobalSection
EndGlobal
